
Microsoft Visual Studio Solution File, Format Version 12.00
# Visual Studio Version 17
VisualStudioVersion = 17.10.34928.147
MinimumVisualStudioVersion = 10.0.40219.1
Project("{FAE04EC0-301F-11D3-BF4B-00C04F79EFBC}") = "H3 Logo Replacer", "H3 Logo Replacer\H3 Logo Replacer.csproj", "{2EC696AC-C04A-4EE4-BA23-22FC1F24FB21}"
EndProject
Global
	GlobalSection(SolutionConfigurationPlatforms) = preSolution
		Debug|Any CPU = Debug|Any CPU
		Release|Any CPU = Release|Any CPU
	EndGlobalSection
	GlobalSection(ProjectConfigurationPlatforms) = postSolution
		{2EC696AC-C04A-4EE4-BA23-22FC1F24FB21}.Debug|Any CPU.ActiveCfg = Debug|Any CPU
		{2EC696AC-C04A-4EE4-BA23-22FC1F24FB21}.Debug|Any CPU.Build.0 = Debug|Any CPU
		{2EC696AC-C04A-4EE4-BA23-22FC1F24FB21}.Release|Any CPU.ActiveCfg = Release|Any CPU
		{2EC696AC-C04A-4EE4-BA23-22FC1F24FB21}.Release|Any CPU.Build.0 = Release|Any CPU
	EndGlobalSection
	GlobalSection(SolutionProperties) = preSolution
		HideSolutionNode = FALSE
	EndGlobalSection
	GlobalSection(ExtensibilityGlobals) = postSolution
		SolutionGuid = {7E988D72-5968-40CF-B978-0EF8C8D6A484}
	EndGlobalSection
EndGlobal
